
Microsoft Visual Studio Solution File, Format Version 12.00
# Visual Studio Version 17
VisualStudioVersion = 17.5.002.0
MinimumVisualStudioVersion = 10.0.40219.1
Project("{9A19103F-16F7-4668-BE54-9A1E7A4F7556}") = "ToDoAndNotes3", "ToDoAndNotes3\ToDoAndNotes3.csproj", "{EA1E5028-F3A2-4D7C-A3B3-B82C4400A778}"
EndProject
Global
	GlobalSection(SolutionConfigurationPlatforms) = preSolution
		Debug|Any CPU = Debug|Any CPU
		Release|Any CPU = Release|Any CPU
	EndGlobalSection
	GlobalSection(ProjectConfigurationPlatforms) = postSolution
		{EA1E5028-F3A2-4D7C-A3B3-B82C4400A778}.Debug|Any CPU.ActiveCfg = Debug|Any CPU
		{EA1E5028-F3A2-4D7C-A3B3-B82C4400A778}.Debug|Any CPU.Build.0 = Debug|Any CPU
		{EA1E5028-F3A2-4D7C-A3B3-B82C4400A778}.Release|Any CPU.ActiveCfg = Release|Any CPU
		{EA1E5028-F3A2-4D7C-A3B3-B82C4400A778}.Release|Any CPU.Build.0 = Release|Any CPU
	EndGlobalSection
	GlobalSection(SolutionProperties) = preSolution
		HideSolutionNode = FALSE
	EndGlobalSection
	GlobalSection(ExtensibilityGlobals) = postSolution
		SolutionGuid = {11A0F72C-E4BD-4D7F-AECE-76C4AB16ADB4}
	EndGlobalSection
EndGlobal
