
Microsoft Visual Studio Solution File, Format Version 12.00
# Visual Studio Version 17
VisualStudioVersion = 17.13.35507.96 d17.13
MinimumVisualStudioVersion = 10.0.40219.1
Project("{FAE04EC0-301F-11D3-BF4B-00C04F79EFBC}") = "ToDoAndNotes3", "ToDoAndNotes3.csproj", "{ECC3BF60-1547-5946-7ABE-9E4EA9D1632B}"
EndProject
Global
	GlobalSection(SolutionConfigurationPlatforms) = preSolution
		Debug|Any CPU = Debug|Any CPU
		Release|Any CPU = Release|Any CPU
	EndGlobalSection
	GlobalSection(ProjectConfigurationPlatforms) = postSolution
		{ECC3BF60-1547-5946-7ABE-9E4EA9D1632B}.Debug|Any CPU.ActiveCfg = Debug|Any CPU
		{ECC3BF60-1547-5946-7ABE-9E4EA9D1632B}.Debug|Any CPU.Build.0 = Debug|Any CPU
		{ECC3BF60-1547-5946-7ABE-9E4EA9D1632B}.Release|Any CPU.ActiveCfg = Release|Any CPU
		{ECC3BF60-1547-5946-7ABE-9E4EA9D1632B}.Release|Any CPU.Build.0 = Release|Any CPU
	EndGlobalSection
	GlobalSection(SolutionProperties) = preSolution
		HideSolutionNode = FALSE
	EndGlobalSection
	GlobalSection(ExtensibilityGlobals) = postSolution
		SolutionGuid = {A6664544-94D1-4C08-BE4E-6CEE64673F40}
	EndGlobalSection
EndGlobal
